// !$*UTF8*$!
{
	archiveVersion = 1;
	classes = {
	};
	objectVersion = 55;
	objects = {

/* Begin PBXBuildFile section */
		F70ED21F273C03060051FB40 /* demoapp2.docc in Sources */ = {isa = PBXBuildFile; fileRef = F70ED21E273C03060051FB40 /* demoapp2.docc */; };
		F70ED225273C03060051FB40 /* demoapp2.framework in Frameworks */ = {isa = PBXBuildFile; fileRef = F70ED21A273C03060051FB40 /* demoapp2.framework */; };
		F70ED22A273C03060051FB40 /* demoapp2Tests.swift in Sources */ = {isa = PBXBuildFile; fileRef = F70ED229273C03060051FB40 /* demoapp2Tests.swift */; };
		F70ED22B273C03060051FB40 /* demoapp2.h in Headers */ = {isa = PBXBuildFile; fileRef = F70ED21D273C03060051FB40 /* demoapp2.h */; settings = {ATTRIBUTES = (Public, ); }; };
		F70ED235273C03A50051FB40 /* demoapp2.swift in Sources */ = {isa = PBXBuildFile; fileRef = F70ED234273C03A50051FB40 /* demoapp2.swift */; };
/* End PBXBuildFile section */

/* Begin PBXContainerItemProxy section */
		F70ED226273C03060051FB40 /* PBXContainerItemProxy */ = {
			isa = PBXContainerItemProxy;
			containerPortal = F70ED211273C03050051FB40 /* Project object */;
			proxyType = 1;
			remoteGlobalIDString = F70ED219273C03050051FB40;
			remoteInfo = demoapp2;
		};
/* End PBXContainerItemProxy section */

/* Begin PBXFileReference section */
		F70ED21A273C03060051FB40 /* demoapp2.framework */ = {isa = PBXFileReference; explicitFileType = wrapper.framework; includeInIndex = 0; path = demoapp2.framework; sourceTree = BUILT_PRODUCTS_DIR; };
		F70ED21D273C03060051FB40 /* demoapp2.h */ = {isa = PBXFileReference; lastKnownFileType = sourcecode.c.h; path = demoapp2.h; sourceTree = "<group>"; };
		F70ED21E273C03060051FB40 /* demoapp2.docc */ = {isa = PBXFileReference; lastKnownFileType = folder.documentationcatalog; path = demoapp2.docc; sourceTree = "<group>"; };
		F70ED224273C03060051FB40 /* demoapp2Tests.xctest */ = {isa = PBXFileReference; explicitFileType = wrapper.cfbundle; includeInIndex = 0; path = demoapp2Tests.xctest; sourceTree = BUILT_PRODUCTS_DIR; };
		F70ED229273C03060051FB40 /* demoapp2Tests.swift */ = {isa = PBXFileReference; lastKnownFileType = sourcecode.swift; path = demoapp2Tests.swift; sourceTree = "<group>"; };
		F70ED234273C03A50051FB40 /* demoapp2.swift */ = {isa = PBXFileReference; lastKnownFileType = sourcecode.swift; path = demoapp2.swift; sourceTree = "<group>"; };
/* End PBXFileReference section */

/* Begin PBXFrameworksBuildPhase section */
		F70ED217273C03050051FB40 /* Frameworks */ = {
			isa = PBXFrameworksBuildPhase;
			buildActionMask = 2147483647;
			files = (
			);
			runOnlyForDeploymentPostprocessing = 0;
		};
		F70ED221273C03060051FB40 /* Frameworks */ = {
			isa = PBXFrameworksBuildPhase;
			buildActionMask = 2147483647;
			files = (
				F70ED225273C03060051FB40 /* demoapp2.framework in Frameworks */,
			);
			runOnlyForDeploymentPostprocessing = 0;
		};
/* End PBXFrameworksBuildPhase section */

/* Begin PBXGroup section */
		F70ED210273C03050051FB40 = {
			isa = PBXGroup;
			children = (
				F70ED21C273C03060051FB40 /* demoapp2 */,
				F70ED228273C03060051FB40 /* demoapp2Tests */,
				F70ED21B273C03060051FB40 /* Products */,
			);
			sourceTree = "<group>";
		};
		F70ED21B273C03060051FB40 /* Products */ = {
			isa = PBXGroup;
			children = (
				F70ED21A273C03060051FB40 /* demoapp2.framework */,
				F70ED224273C03060051FB40 /* demoapp2Tests.xctest */,
			);
			name = Products;
			sourceTree = "<group>";
		};
		F70ED21C273C03060051FB40 /* demoapp2 */ = {
			isa = PBXGroup;
			children = (
				F70ED21D273C03060051FB40 /* demoapp2.h */,
				F70ED21E273C03060051FB40 /* demoapp2.docc */,
				F70ED234273C03A50051FB40 /* demoapp2.swift */,
			);
			path = demoapp2;
			sourceTree = "<group>";
		};
		F70ED228273C03060051FB40 /* demoapp2Tests */ = {
			isa = PBXGroup;
			children = (
				F70ED229273C03060051FB40 /* demoapp2Tests.swift */,
			);
			path = demoapp2Tests;
			sourceTree = "<group>";
		};
/* End PBXGroup section */

/* Begin PBXHeadersBuildPhase section */
		F70ED215273C03050051FB40 /* Headers */ = {
			isa = PBXHeadersBuildPhase;
			buildActionMask = 2147483647;
			files = (
				F70ED22B273C03060051FB40 /* demoapp2.h in Headers */,
			);
			runOnlyForDeploymentPostprocessing = 0;
		};
/* End PBXHeadersBuildPhase section */

/* Begin PBXNativeTarget section */
		F70ED219273C03050051FB40 /* demoapp2 */ = {
			isa = PBXNativeTarget;
			buildConfigurationList = F70ED22E273C03060051FB40 /* Build configuration list for PBXNativeTarget "demoapp2" */;
			buildPhases = (
				F70ED215273C03050051FB40 /* Headers */,
				F70ED216273C03050051FB40 /* Sources */,
				F70ED217273C03050051FB40 /* Frameworks */,
				F70ED218273C03050051FB40 /* Resources */,
			);
			buildRules = (
			);
			dependencies = (
			);
			name = demoapp2;
			productName = demoapp2;
			productReference = F70ED21A273C03060051FB40 /* demoapp2.framework */;
			productType = "com.apple.product-type.framework";
		};
		F70ED223273C03060051FB40 /* demoapp2Tests */ = {
			isa = PBXNativeTarget;
			buildConfigurationList = F70ED231273C03060051FB40 /* Build configuration list for PBXNativeTarget "demoapp2Tests" */;
			buildPhases = (
				F70ED220273C03060051FB40 /* Sources */,
				F70ED221273C03060051FB40 /* Frameworks */,
				F70ED222273C03060051FB40 /* Resources */,
			);
			buildRules = (
			);
			dependencies = (
				F70ED227273C03060051FB40 /* PBXTargetDependency */,
			);
			name = demoapp2Tests;
			productName = demoapp2Tests;
			productReference = F70ED224273C03060051FB40 /* demoapp2Tests.xctest */;
			productType = "com.apple.product-type.bundle.unit-test";
		};
/* End PBXNativeTarget section */

/* Begin PBXProject section */
		F70ED211273C03050051FB40 /* Project object */ = {
			isa = PBXProject;
			attributes = {
				BuildIndependentTargetsInParallel = 1;
				LastSwiftUpdateCheck = 1310;
				LastUpgradeCheck = 1310;
				TargetAttributes = {
					F70ED219273C03050051FB40 = {
						CreatedOnToolsVersion = 13.1;
					};
					F70ED223273C03060051FB40 = {
						CreatedOnToolsVersion = 13.1;
					};
				};
			};
			buildConfigurationList = F70ED214273C03050051FB40 /* Build configuration list for PBXProject "demoapp2" */;
			compatibilityVersion = "Xcode 13.0";
			developmentRegion = en;
			hasScannedForEncodings = 0;
			knownRegions = (
				en,
				Base,
			);
			mainGroup = F70ED210273C03050051FB40;
			productRefGroup = F70ED21B273C03060051FB40 /* Products */;
			projectDirPath = "";
			projectRoot = "";
			targets = (
				F70ED219273C03050051FB40 /* demoapp2 */,
				F70ED223273C03060051FB40 /* demoapp2Tests */,
			);
		};
/* End PBXProject section */

/* Begin PBXResourcesBuildPhase section */
		F70ED218273C03050051FB40 /* Resources */ = {
			isa = PBXResourcesBuildPhase;
			buildActionMask = 2147483647;
			files = (
			);
			runOnlyForDeploymentPostprocessing = 0;
		};
		F70ED222273C03060051FB40 /* Resources */ = {
			isa = PBXResourcesBuildPhase;
			buildActionMask = 2147483647;
			files = (
			);
			runOnlyForDeploymentPostprocessing = 0;
		};
/* End PBXResourcesBuildPhase section */

/* Begin PBXSourcesBuildPhase section */
		F70ED216273C03050051FB40 /* Sources */ = {
			isa = PBXSourcesBuildPhase;
			buildActionMask = 2147483647;
			files = (
				F70ED21F273C03060051FB40 /* demoapp2.docc in Sources */,
				F70ED235273C03A50051FB40 /* demoapp2.swift in Sources */,
			);
			runOnlyForDeploymentPostprocessing = 0;
		};
		F70ED220273C03060051FB40 /* Sources */ = {
			isa = PBXSourcesBuildPhase;
			buildActionMask = 2147483647;
			files = (
				F70ED22A273C03060051FB40 /* demoapp2Tests.swift in Sources */,
			);
			runOnlyForDeploymentPostprocessing = 0;
		};
/* End PBXSourcesBuildPhase section */

/* Begin PBXTargetDependency section */
		F70ED227273C03060051FB40 /* PBXTargetDependency */ = {
			isa = PBXTargetDependency;
			target = F70ED219273C03050051FB40 /* demoapp2 */;
			targetProxy = F70ED226273C03060051FB40 /* PBXContainerItemProxy */;
		};
/* End PBXTargetDependency section */

/* Begin XCBuildConfiguration section */
		F70ED22C273C03060051FB40 /* Debug */ = {
			isa = XCBuildConfiguration;
			buildSettings = {
				ALWAYS_SEARCH_USER_PATHS = NO;
				CLANG_ANALYZER_NONNULL = YES;
				CLANG_ANALYZER_NUMBER_OBJECT_CONVERSION = YES_AGGRESSIVE;
				CLANG_CXX_LANGUAGE_STANDARD = "gnu++17";
				CLANG_CXX_LIBRARY = "libc++";
				CLANG_ENABLE_MODULES = YES;
				CLANG_ENABLE_OBJC_ARC = YES;
				CLANG_ENABLE_OBJC_WEAK = YES;
				CLANG_WARN_BLOCK_CAPTURE_AUTORELEASING = YES;
				CLANG_WARN_BOOL_CONVERSION = YES;
				CLANG_WARN_COMMA = YES;
				CLANG_WARN_CONSTANT_CONVERSION = YES;
				CLANG_WARN_DEPRECATED_OBJC_IMPLEMENTATIONS = YES;
				CLANG_WARN_DIRECT_OBJC_ISA_USAGE = YES_ERROR;
				CLANG_WARN_DOCUMENTATION_COMMENTS = YES;
				CLANG_WARN_EMPTY_BODY = YES;
				CLANG_WARN_ENUM_CONVERSION = YES;
				CLANG_WARN_INFINITE_RECURSION = YES;
				CLANG_WARN_INT_CONVERSION = YES;
				CLANG_WARN_NON_LITERAL_NULL_CONVERSION = YES;
				CLANG_WARN_OBJC_IMPLICIT_RETAIN_SELF = YES;
				CLANG_WARN_OBJC_LITERAL_CONVERSION = YES;
				CLANG_WARN_OBJC_ROOT_CLASS = YES_ERROR;
				CLANG_WARN_QUOTED_INCLUDE_IN_FRAMEWORK_HEADER = YES;
				CLANG_WARN_RANGE_LOOP_ANALYSIS = YES;
				CLANG_WARN_STRICT_PROTOTYPES = YES;
				CLANG_WARN_SUSPICIOUS_MOVE = YES;
				CLANG_WARN_UNGUARDED_AVAILABILITY = YES_AGGRESSIVE;
				CLANG_WARN_UNREACHABLE_CODE = YES;
				CLANG_WARN__DUPLICATE_METHOD_MATCH = YES;
				COPY_PHASE_STRIP = NO;
				CURRENT_PROJECT_VERSION = 1;
				DEBUG_INFORMATION_FORMAT = dwarf;
				ENABLE_STRICT_OBJC_MSGSEND = YES;
				ENABLE_TESTABILITY = YES;
				GCC_C_LANGUAGE_STANDARD = gnu11;
				GCC_DYNAMIC_NO_PIC = NO;
				GCC_NO_COMMON_BLOCKS = YES;
				GCC_OPTIMIZATION_LEVEL = 0;
				GCC_PREPROCESSOR_DEFINITIONS = (
					"DEBUG=1",
					"$(inherited)",
				);
				GCC_WARN_64_TO_32_BIT_CONVERSION = YES;
				GCC_WARN_ABOUT_RETURN_TYPE = YES_ERROR;
				GCC_WARN_UNDECLARED_SELECTOR = YES;
				GCC_WARN_UNINITIALIZED_AUTOS = YES_AGGRESSIVE;
				GCC_WARN_UNUSED_FUNCTION = YES;
				GCC_WARN_UNUSED_VARIABLE = YES;
				IPHONEOS_DEPLOYMENT_TARGET = 15.0;
				MTL_ENABLE_DEBUG_INFO = INCLUDE_SOURCE;
				MTL_FAST_MATH = YES;
				ONLY_ACTIVE_ARCH = YES;
				SDKROOT = iphoneos;
				SWIFT_ACTIVE_COMPILATION_CONDITIONS = DEBUG;
				SWIFT_OPTIMIZATION_LEVEL = "-Onone";
				VERSIONING_SYSTEM = "apple-generic";
				VERSION_INFO_PREFIX = "";
			};
			name = Debug;
		};
		F70ED22D273C03060051FB40 /* Release */ = {
			isa = XCBuildConfiguration;
			buildSettings = {
				ALWAYS_SEARCH_USER_PATHS = NO;
				CLANG_ANALYZER_NONNULL = YES;
				CLANG_ANALYZER_NUMBER_OBJECT_CONVERSION = YES_AGGRESSIVE;
				CLANG_CXX_LANGUAGE_STANDARD = "gnu++17";
				CLANG_CXX_LIBRARY = "libc++";
				CLANG_ENABLE_MODULES = YES;
				CLANG_ENABLE_OBJC_ARC = YES;
				CLANG_ENABLE_OBJC_WEAK = YES;
				CLANG_WARN_BLOCK_CAPTURE_AUTORELEASING = YES;
				CLANG_WARN_BOOL_CONVERSION = YES;
				CLANG_WARN_COMMA = YES;
				CLANG_WARN_CONSTANT_CONVERSION = YES;
				CLANG_WARN_DEPRECATED_OBJC_IMPLEMENTATIONS = YES;
				CLANG_WARN_DIRECT_OBJC_ISA_USAGE = YES_ERROR;
				CLANG_WARN_DOCUMENTATION_COMMENTS = YES;
				CLANG_WARN_EMPTY_BODY = YES;
				CLANG_WARN_ENUM_CONVERSION = YES;
				CLANG_WARN_INFINITE_RECURSION = YES;
				CLANG_WARN_INT_CONVERSION = YES;
				CLANG_WARN_NON_LITERAL_NULL_CONVERSION = YES;
				CLANG_WARN_OBJC_IMPLICIT_RETAIN_SELF = YES;
				CLANG_WARN_OBJC_LITERAL_CONVERSION = YES;
				CLANG_WARN_OBJC_ROOT_CLASS = YES_ERROR;
				CLANG_WARN_QUOTED_INCLUDE_IN_FRAMEWORK_HEADER = YES;
				CLANG_WARN_RANGE_LOOP_ANALYSIS = YES;
				CLANG_WARN_STRICT_PROTOTYPES = YES;
				CLANG_WARN_SUSPICIOUS_MOVE = YES;
				CLANG_WARN_UNGUARDED_AVAILABILITY = YES_AGGRESSIVE;
				CLANG_WARN_UNREACHABLE_CODE = YES;
				CLANG_WARN__DUPLICATE_METHOD_MATCH = YES;
				COPY_PHASE_STRIP = NO;
				CURRENT_PROJECT_VERSION = 1;
				DEBUG_INFORMATION_FORMAT = "dwarf-with-dsym";
				ENABLE_NS_ASSERTIONS = NO;
				ENABLE_STRICT_OBJC_MSGSEND = YES;
				GCC_C_LANGUAGE_STANDARD = gnu11;
				GCC_NO_COMMON_BLOCKS = YES;
				GCC_WARN_64_TO_32_BIT_CONVERSION = YES;
				GCC_WARN_ABOUT_RETURN_TYPE = YES_ERROR;
				GCC_WARN_UNDECLARED_SELECTOR = YES;
				GCC_WARN_UNINITIALIZED_AUTOS = YES_AGGRESSIVE;
				GCC_WARN_UNUSED_FUNCTION = YES;
				GCC_WARN_UNUSED_VARIABLE = YES;
				IPHONEOS_DEPLOYMENT_TARGET = 15.0;
				MTL_ENABLE_DEBUG_INFO = NO;
				MTL_FAST_MATH = YES;
				SDKROOT = iphoneos;
				SWIFT_COMPILATION_MODE = wholemodule;
				SWIFT_OPTIMIZATION_LEVEL = "-O";
				VALIDATE_PRODUCT = YES;
				VERSIONING_SYSTEM = "apple-generic";
				VERSION_INFO_PREFIX = "";
			};
			name = Release;
		};
		F70ED22F273C03060051FB40 /* Debug */ = {
			isa = XCBuildConfiguration;
			buildSettings = {
				CODE_SIGN_STYLE = Automatic;
				CURRENT_PROJECT_VERSION = 1;
				DEFINES_MODULE = YES;
				DYLIB_COMPATIBILITY_VERSION = 1;
				DYLIB_CURRENT_VERSION = 1;
				DYLIB_INSTALL_NAME_BASE = "@rpath";
				GENERATE_INFOPLIST_FILE = YES;
				INFOPLIST_KEY_NSHumanReadableCopyright = "";
				INSTALL_PATH = "$(LOCAL_LIBRARY_DIR)/Frameworks";
				LD_RUNPATH_SEARCH_PATHS = (
					"$(inherited)",
					"@executable_path/Frameworks",
					"@loader_path/Frameworks",
				);
				MARKETING_VERSION = 1.0;
				PRODUCT_BUNDLE_IDENTIFIER = org.demoapp2;
				PRODUCT_NAME = "$(TARGET_NAME:c99extidentifier)";
				SKIP_INSTALL = YES;
				SWIFT_EMIT_LOC_STRINGS = YES;
				SWIFT_VERSION = 5.0;
				TARGETED_DEVICE_FAMILY = "1,2";
			};
			name = Debug;
		};
		F70ED230273C03060051FB40 /* Release */ = {
			isa = XCBuildConfiguration;
			buildSettings = {
				CODE_SIGN_STYLE = Automatic;
				CURRENT_PROJECT_VERSION = 1;
				DEFINES_MODULE = YES;
				DYLIB_COMPATIBILITY_VERSION = 1;
				DYLIB_CURRENT_VERSION = 1;
				DYLIB_INSTALL_NAME_BASE = "@rpath";
				GENERATE_INFOPLIST_FILE = YES;
				INFOPLIST_KEY_NSHumanReadableCopyright = "";
				INSTALL_PATH = "$(LOCAL_LIBRARY_DIR)/Frameworks";
				LD_RUNPATH_SEARCH_PATHS = (
					"$(inherited)",
					"@executable_path/Frameworks",
					"@loader_path/Frameworks",
				);
				MARKETING_VERSION = 1.0;
				PRODUCT_BUNDLE_IDENTIFIER = org.demoapp2;
				PRODUCT_NAME = "$(TARGET_NAME:c99extidentifier)";
				SKIP_INSTALL = YES;
				SWIFT_EMIT_LOC_STRINGS = YES;
				SWIFT_VERSION = 5.0;
				TARGETED_DEVICE_FAMILY = "1,2";
			};
			name = Release;
		};
		F70ED232273C03060051FB40 /* Debug */ = {
			isa = XCBuildConfiguration;
			buildSettings = {
				ALWAYS_EMBED_SWIFT_STANDARD_LIBRARIES = YES;
				CODE_SIGN_STYLE = Automatic;
				CURRENT_PROJECT_VERSION = 1;
				GENERATE_INFOPLIST_FILE = YES;
				LD_RUNPATH_SEARCH_PATHS = (
					"$(inherited)",
					"@executable_path/Frameworks",
					"@loader_path/Frameworks",
				);
				MARKETING_VERSION = 1.0;
				PRODUCT_BUNDLE_IDENTIFIER = org.demoapp2Tests;
				PRODUCT_NAME = "$(TARGET_NAME)";
				SWIFT_EMIT_LOC_STRINGS = NO;
				SWIFT_VERSION = 5.0;
				TARGETED_DEVICE_FAMILY = "1,2";
			};
			name = Debug;
		};
		F70ED233273C03060051FB40 /* Release */ = {
			isa = XCBuildConfiguration;
			buildSettings = {
				ALWAYS_EMBED_SWIFT_STANDARD_LIBRARIES = YES;
				CODE_SIGN_STYLE = Automatic;
				CURRENT_PROJECT_VERSION = 1;
				GENERATE_INFOPLIST_FILE = YES;
				LD_RUNPATH_SEARCH_PATHS = (
					"$(inherited)",
					"@executable_path/Frameworks",
					"@loader_path/Frameworks",
				);
				MARKETING_VERSION = 1.0;
				PRODUCT_BUNDLE_IDENTIFIER = org.demoapp2Tests;
				PRODUCT_NAME = "$(TARGET_NAME)";
				SWIFT_EMIT_LOC_STRINGS = NO;
				SWIFT_VERSION = 5.0;
				TARGETED_DEVICE_FAMILY = "1,2";
			};
			name = Release;
		};
/* End XCBuildConfiguration section */

/* Begin XCConfigurationList section */
		F70ED214273C03050051FB40 /* Build configuration list for PBXProject "demoapp2" */ = {
			isa = XCConfigurationList;
			buildConfigurations = (
				F70ED22C273C03060051FB40 /* Debug */,
				F70ED22D273C03060051FB40 /* Release */,
			);
			defaultConfigurationIsVisible = 0;
			defaultConfigurationName = Release;
		};
		F70ED22E273C03060051FB40 /* Build configuration list for PBXNativeTarget "demoapp2" */ = {
			isa = XCConfigurationList;
			buildConfigurations = (
				F70ED22F273C03060051FB40 /* Debug */,
				F70ED230273C03060051FB40 /* Release */,
			);
			defaultConfigurationIsVisible = 0;
			defaultConfigurationName = Release;
		};
		F70ED231273C03060051FB40 /* Build configuration list for PBXNativeTarget "demoapp2Tests" */ = {
			isa = XCConfigurationList;
			buildConfigurations = (
				F70ED232273C03060051FB40 /* Debug */,
				F70ED233273C03060051FB40 /* Release */,
			);
			defaultConfigurationIsVisible = 0;
			defaultConfigurationName = Release;
		};
/* End XCConfigurationList section */
	};
	rootObject = F70ED211273C03050051FB40 /* Project object */;
}
